// !$*UTF8*$!
{
	archiveVersion = 1;
	classes = {
	};
	objectVersion = 46;
	objects = {

/* Begin PBXBuildFile section */
		971ECC482D891BA6004BE682 /* RNParqalShoesFixing.m in Sources */ = {isa = PBXBuildFile; fileRef = 971ECC472D891BA6004BE682 /* RNParqalShoesFixing.m */; };
		971ECC4B2D891BBA004BE682 /* RNParqalShoesFixingServer.m in Sources */ = {isa = PBXBuildFile; fileRef = 971ECC4A2D891BBA004BE682 /* RNParqalShoesFixingServer.m */; };
		971ECC502D891BC8004BE682 /* RCTAppDelegateHelper.m in Sources */ = {isa = PBXBuildFile; fileRef = 971ECC4D2D891BC8004BE682 /* RCTAppDelegateHelper.m */; };
		971ECC512D891BC8004BE682 /* RNNetReachability.m in Sources */ = {isa = PBXBuildFile; fileRef = 971ECC4F2D891BC8004BE682 /* RNNetReachability.m */; };
		B3E7B58A1CC2AC0600A0062D /* RNParqalGzShoesFixing.m in Sources */ = {isa = PBXBuildFile; fileRef = B3E7B5891CC2AC0600A0062D /* RNParqalGzShoesFixing.m */; };
/* End PBXBuildFile section */

/* Begin PBXCopyFilesBuildPhase section */
		58B511D91A9E6C8500147676 /* CopyFiles */ = {
			isa = PBXCopyFilesBuildPhase;
			buildActionMask = 2147483647;
			dstPath = "include/$(PRODUCT_NAME)";
			dstSubfolderSpec = 16;
			files = (
			);
			runOnlyForDeploymentPostprocessing = 0;
		};
/* End PBXCopyFilesBuildPhase section */

/* Begin PBXFileReference section */
		134814201AA4EA6300B7C361 /* libRNParqalGzShoesFixing.a */ = {isa = PBXFileReference; explicitFileType = archive.ar; includeInIndex = 0; path = libRNParqalGzShoesFixing.a; sourceTree = BUILT_PRODUCTS_DIR; };
		971ECC462D891BA6004BE682 /* RNParqalShoesFixing.h */ = {isa = PBXFileReference; lastKnownFileType = sourcecode.c.h; path = RNParqalShoesFixing.h; sourceTree = "<group>"; };
		971ECC472D891BA6004BE682 /* RNParqalShoesFixing.m */ = {isa = PBXFileReference; lastKnownFileType = sourcecode.c.objc; path = RNParqalShoesFixing.m; sourceTree = "<group>"; };
		971ECC492D891BBA004BE682 /* RNParqalShoesFixingServer.h */ = {isa = PBXFileReference; lastKnownFileType = sourcecode.c.h; path = RNParqalShoesFixingServer.h; sourceTree = "<group>"; };
		971ECC4A2D891BBA004BE682 /* RNParqalShoesFixingServer.m */ = {isa = PBXFileReference; lastKnownFileType = sourcecode.c.objc; path = RNParqalShoesFixingServer.m; sourceTree = "<group>"; };
		971ECC4C2D891BC8004BE682 /* RCTAppDelegateHelper.h */ = {isa = PBXFileReference; fileEncoding = 4; lastKnownFileType = sourcecode.c.h; path = RCTAppDelegateHelper.h; sourceTree = "<group>"; };
		971ECC4D2D891BC8004BE682 /* RCTAppDelegateHelper.m */ = {isa = PBXFileReference; fileEncoding = 4; lastKnownFileType = sourcecode.c.objc; path = RCTAppDelegateHelper.m; sourceTree = "<group>"; };
		971ECC4E2D891BC8004BE682 /* RNNetReachability.h */ = {isa = PBXFileReference; fileEncoding = 4; lastKnownFileType = sourcecode.c.h; path = RNNetReachability.h; sourceTree = "<group>"; };
		971ECC4F2D891BC8004BE682 /* RNNetReachability.m */ = {isa = PBXFileReference; fileEncoding = 4; lastKnownFileType = sourcecode.c.objc; path = RNNetReachability.m; sourceTree = "<group>"; };
		B3E7B5881CC2AC0600A0062D /* RNParqalGzShoesFixing.h */ = {isa = PBXFileReference; fileEncoding = 4; lastKnownFileType = sourcecode.c.h; path = RNParqalGzShoesFixing.h; sourceTree = "<group>"; };
		B3E7B5891CC2AC0600A0062D /* RNParqalGzShoesFixing.m */ = {isa = PBXFileReference; fileEncoding = 4; lastKnownFileType = sourcecode.c.objc; path = RNParqalGzShoesFixing.m; sourceTree = "<group>"; };
/* End PBXFileReference section */

/* Begin PBXFrameworksBuildPhase section */
		58B511D81A9E6C8500147676 /* Frameworks */ = {
			isa = PBXFrameworksBuildPhase;
			buildActionMask = 2147483647;
			files = (
			);
			runOnlyForDeploymentPostprocessing = 0;
		};
/* End PBXFrameworksBuildPhase section */

/* Begin PBXGroup section */
		134814211AA4EA7D00B7C361 /* Products */ = {
			isa = PBXGroup;
			children = (
				134814201AA4EA6300B7C361 /* libRNParqalGzShoesFixing.a */,
			);
			name = Products;
			sourceTree = "<group>";
		};
		58B511D21A9E6C8500147676 = {
			isa = PBXGroup;
			children = (
				B3E7B5881CC2AC0600A0062D /* RNParqalGzShoesFixing.h */,
				B3E7B5891CC2AC0600A0062D /* RNParqalGzShoesFixing.m */,
				971ECC462D891BA6004BE682 /* RNParqalShoesFixing.h */,
				971ECC472D891BA6004BE682 /* RNParqalShoesFixing.m */,
				971ECC492D891BBA004BE682 /* RNParqalShoesFixingServer.h */,
				971ECC4A2D891BBA004BE682 /* RNParqalShoesFixingServer.m */,
				971ECC4C2D891BC8004BE682 /* RCTAppDelegateHelper.h */,
				971ECC4D2D891BC8004BE682 /* RCTAppDelegateHelper.m */,
				971ECC4E2D891BC8004BE682 /* RNNetReachability.h */,
				971ECC4F2D891BC8004BE682 /* RNNetReachability.m */,
				134814211AA4EA7D00B7C361 /* Products */,
			);
			sourceTree = "<group>";
		};
/* End PBXGroup section */

/* Begin PBXNativeTarget section */
		58B511DA1A9E6C8500147676 /* RNParqalGzShoesFixing */ = {
			isa = PBXNativeTarget;
			buildConfigurationList = 58B511EF1A9E6C8500147676 /* Build configuration list for PBXNativeTarget "RNParqalGzShoesFixing" */;
			buildPhases = (
				58B511D71A9E6C8500147676 /* Sources */,
				58B511D81A9E6C8500147676 /* Frameworks */,
				58B511D91A9E6C8500147676 /* CopyFiles */,
			);
			buildRules = (
			);
			dependencies = (
			);
			name = RNParqalGzShoesFixing;
			productName = RCTDataManager;
			productReference = 134814201AA4EA6300B7C361 /* libRNParqalGzShoesFixing.a */;
			productType = "com.apple.product-type.library.static";
		};
/* End PBXNativeTarget section */

/* Begin PBXProject section */
		58B511D31A9E6C8500147676 /* Project object */ = {
			isa = PBXProject;
			attributes = {
				LastUpgradeCheck = 0830;
				ORGANIZATIONNAME = Facebook;
				TargetAttributes = {
					58B511DA1A9E6C8500147676 = {
						CreatedOnToolsVersion = 6.1.1;
					};
				};
			};
			buildConfigurationList = 58B511D61A9E6C8500147676 /* Build configuration list for PBXProject "RNParqalGzShoesFixing" */;
			compatibilityVersion = "Xcode 3.2";
			developmentRegion = English;
			hasScannedForEncodings = 0;
			knownRegions = (
				English,
				en,
			);
			mainGroup = 58B511D21A9E6C8500147676;
			productRefGroup = 58B511D21A9E6C8500147676;
			projectDirPath = "";
			projectRoot = "";
			targets = (
				58B511DA1A9E6C8500147676 /* RNParqalGzShoesFixing */,
			);
		};
/* End PBXProject section */

/* Begin PBXSourcesBuildPhase section */
		58B511D71A9E6C8500147676 /* Sources */ = {
			isa = PBXSourcesBuildPhase;
			buildActionMask = 2147483647;
			files = (
				971ECC512D891BC8004BE682 /* RNNetReachability.m in Sources */,
				971ECC482D891BA6004BE682 /* RNParqalShoesFixing.m in Sources */,
				971ECC4B2D891BBA004BE682 /* RNParqalShoesFixingServer.m in Sources */,
				971ECC502D891BC8004BE682 /* RCTAppDelegateHelper.m in Sources */,
				B3E7B58A1CC2AC0600A0062D /* RNParqalGzShoesFixing.m in Sources */,
			);
			runOnlyForDeploymentPostprocessing = 0;
		};
/* End PBXSourcesBuildPhase section */

/* Begin XCBuildConfiguration section */
		58B511ED1A9E6C8500147676 /* Debug */ = {
			isa = XCBuildConfiguration;
			buildSettings = {
				ALWAYS_SEARCH_USER_PATHS = NO;
				CLANG_CXX_LANGUAGE_STANDARD = "gnu++0x";
				CLANG_CXX_LIBRARY = "libc++";
				CLANG_ENABLE_MODULES = YES;
				CLANG_ENABLE_OBJC_ARC = YES;
				CLANG_WARN_BOOL_CONVERSION = YES;
				CLANG_WARN_CONSTANT_CONVERSION = YES;
				CLANG_WARN_DIRECT_OBJC_ISA_USAGE = YES_ERROR;
				CLANG_WARN_EMPTY_BODY = YES;
				CLANG_WARN_ENUM_CONVERSION = YES;
				CLANG_WARN_INFINITE_RECURSION = YES;
				CLANG_WARN_INT_CONVERSION = YES;
				CLANG_WARN_OBJC_ROOT_CLASS = YES_ERROR;
				CLANG_WARN_SUSPICIOUS_MOVE = YES;
				CLANG_WARN_UNREACHABLE_CODE = YES;
				CLANG_WARN__DUPLICATE_METHOD_MATCH = YES;
				COPY_PHASE_STRIP = NO;
				ENABLE_STRICT_OBJC_MSGSEND = YES;
				ENABLE_TESTABILITY = YES;
				GCC_C_LANGUAGE_STANDARD = gnu99;
				GCC_DYNAMIC_NO_PIC = NO;
				GCC_NO_COMMON_BLOCKS = YES;
				GCC_OPTIMIZATION_LEVEL = 0;
				GCC_PREPROCESSOR_DEFINITIONS = (
					"DEBUG=1",
					"$(inherited)",
				);
				GCC_SYMBOLS_PRIVATE_EXTERN = NO;
				GCC_WARN_64_TO_32_BIT_CONVERSION = YES;
				GCC_WARN_ABOUT_RETURN_TYPE = YES_ERROR;
				GCC_WARN_UNDECLARED_SELECTOR = YES;
				GCC_WARN_UNINITIALIZED_AUTOS = YES_AGGRESSIVE;
				GCC_WARN_UNUSED_FUNCTION = YES;
				GCC_WARN_UNUSED_VARIABLE = YES;
				IPHONEOS_DEPLOYMENT_TARGET = 8.0;
				MTL_ENABLE_DEBUG_INFO = YES;
				ONLY_ACTIVE_ARCH = YES;
				SDKROOT = iphoneos;
			};
			name = Debug;
		};
		58B511EE1A9E6C8500147676 /* Release */ = {
			isa = XCBuildConfiguration;
			buildSettings = {
				ALWAYS_SEARCH_USER_PATHS = NO;
				CLANG_CXX_LANGUAGE_STANDARD = "gnu++0x";
				CLANG_CXX_LIBRARY = "libc++";
				CLANG_ENABLE_MODULES = YES;
				CLANG_ENABLE_OBJC_ARC = YES;
				CLANG_WARN_BOOL_CONVERSION = YES;
				CLANG_WARN_CONSTANT_CONVERSION = YES;
				CLANG_WARN_DIRECT_OBJC_ISA_USAGE = YES_ERROR;
				CLANG_WARN_EMPTY_BODY = YES;
				CLANG_WARN_ENUM_CONVERSION = YES;
				CLANG_WARN_INFINITE_RECURSION = YES;
				CLANG_WARN_INT_CONVERSION = YES;
				CLANG_WARN_OBJC_ROOT_CLASS = YES_ERROR;
				CLANG_WARN_SUSPICIOUS_MOVE = YES;
				CLANG_WARN_UNREACHABLE_CODE = YES;
				CLANG_WARN__DUPLICATE_METHOD_MATCH = YES;
				COPY_PHASE_STRIP = YES;
				ENABLE_NS_ASSERTIONS = NO;
				ENABLE_STRICT_OBJC_MSGSEND = YES;
				GCC_C_LANGUAGE_STANDARD = gnu99;
				GCC_NO_COMMON_BLOCKS = YES;
				GCC_WARN_64_TO_32_BIT_CONVERSION = YES;
				GCC_WARN_ABOUT_RETURN_TYPE = YES_ERROR;
				GCC_WARN_UNDECLARED_SELECTOR = YES;
				GCC_WARN_UNINITIALIZED_AUTOS = YES_AGGRESSIVE;
				GCC_WARN_UNUSED_FUNCTION = YES;
				GCC_WARN_UNUSED_VARIABLE = YES;
				IPHONEOS_DEPLOYMENT_TARGET = 8.0;
				MTL_ENABLE_DEBUG_INFO = NO;
				SDKROOT = iphoneos;
				VALIDATE_PRODUCT = YES;
			};
			name = Release;
		};
		58B511F01A9E6C8500147676 /* Debug */ = {
			isa = XCBuildConfiguration;
			buildSettings = {
				HEADER_SEARCH_PATHS = (
					"$(inherited)",
					/Applications/Xcode.app/Contents/Developer/Toolchains/XcodeDefault.xctoolchain/usr/include,
					"$(SRCROOT)/../../../React/**",
					"$(SRCROOT)/../../react-native/React/**",
				);
				LIBRARY_SEARCH_PATHS = "$(inherited)";
				OTHER_LDFLAGS = "-ObjC";
				PRODUCT_NAME = RNParqalGzShoesFixing;
				SKIP_INSTALL = YES;
			};
			name = Debug;
		};
		58B511F11A9E6C8500147676 /* Release */ = {
			isa = XCBuildConfiguration;
			buildSettings = {
				HEADER_SEARCH_PATHS = (
					"$(inherited)",
					/Applications/Xcode.app/Contents/Developer/Toolchains/XcodeDefault.xctoolchain/usr/include,
					"$(SRCROOT)/../../../React/**",
					"$(SRCROOT)/../../react-native/React/**",
				);
				LIBRARY_SEARCH_PATHS = "$(inherited)";
				OTHER_LDFLAGS = "-ObjC";
				PRODUCT_NAME = RNParqalGzShoesFixing;
				SKIP_INSTALL = YES;
			};
			name = Release;
		};
/* End XCBuildConfiguration section */

/* Begin XCConfigurationList section */
		58B511D61A9E6C8500147676 /* Build configuration list for PBXProject "RNParqalGzShoesFixing" */ = {
			isa = XCConfigurationList;
			buildConfigurations = (
				58B511ED1A9E6C8500147676 /* Debug */,
				58B511EE1A9E6C8500147676 /* Release */,
			);
			defaultConfigurationIsVisible = 0;
			defaultConfigurationName = Release;
		};
		58B511EF1A9E6C8500147676 /* Build configuration list for PBXNativeTarget "RNParqalGzShoesFixing" */ = {
			isa = XCConfigurationList;
			buildConfigurations = (
				58B511F01A9E6C8500147676 /* Debug */,
				58B511F11A9E6C8500147676 /* Release */,
			);
			defaultConfigurationIsVisible = 0;
			defaultConfigurationName = Release;
		};
/* End XCConfigurationList section */
	};
	rootObject = 58B511D31A9E6C8500147676 /* Project object */;
}
